
Microsoft Visual Studio Solution File, Format Version 12.00
# Visual Studio 15
VisualStudioVersion = 15.0.28307.421
MinimumVisualStudioVersion = 10.0.40219.1
Project("{9A19103F-16F7-4668-BE54-9A1E7A4F7556}") = "SoftServeTechnicalTask", "SoftServeTechnicalTask\SoftServeTechnicalTask.csproj", "{63847A38-BAFB-4725-ABF4-0EC4D26B3DD2}"
EndProject
Project("{FAE04EC0-301F-11D3-BF4B-00C04F79EFBC}") = "SoftServerTechnicalTask.Domain", "SoftServerTechnicalTask.Domain\SoftServerTechnicalTask.Domain.csproj", "{5523127A-3FA9-43DB-8773-8B63A09D9791}"
EndProject
Project("{FAE04EC0-301F-11D3-BF4B-00C04F79EFBC}") = "SoftServeTechnicalTask.Persistence", "SoftServeTechnicalTask.Persistence\SoftServeTechnicalTask.Persistence.csproj", "{2D5E5615-3A8A-44B9-ABF1-445F75182FAC}"
EndProject
Global
	GlobalSection(SolutionConfigurationPlatforms) = preSolution
		Debug|Any CPU = Debug|Any CPU
		Release|Any CPU = Release|Any CPU
	EndGlobalSection
	GlobalSection(ProjectConfigurationPlatforms) = postSolution
		{63847A38-BAFB-4725-ABF4-0EC4D26B3DD2}.Debug|Any CPU.ActiveCfg = Debug|Any CPU
		{63847A38-BAFB-4725-ABF4-0EC4D26B3DD2}.Debug|Any CPU.Build.0 = Debug|Any CPU
		{63847A38-BAFB-4725-ABF4-0EC4D26B3DD2}.Release|Any CPU.ActiveCfg = Release|Any CPU
		{63847A38-BAFB-4725-ABF4-0EC4D26B3DD2}.Release|Any CPU.Build.0 = Release|Any CPU
		{5523127A-3FA9-43DB-8773-8B63A09D9791}.Debug|Any CPU.ActiveCfg = Debug|Any CPU
		{5523127A-3FA9-43DB-8773-8B63A09D9791}.Debug|Any CPU.Build.0 = Debug|Any CPU
		{5523127A-3FA9-43DB-8773-8B63A09D9791}.Release|Any CPU.ActiveCfg = Release|Any CPU
		{5523127A-3FA9-43DB-8773-8B63A09D9791}.Release|Any CPU.Build.0 = Release|Any CPU
		{2D5E5615-3A8A-44B9-ABF1-445F75182FAC}.Debug|Any CPU.ActiveCfg = Debug|Any CPU
		{2D5E5615-3A8A-44B9-ABF1-445F75182FAC}.Debug|Any CPU.Build.0 = Debug|Any CPU
		{2D5E5615-3A8A-44B9-ABF1-445F75182FAC}.Release|Any CPU.ActiveCfg = Release|Any CPU
		{2D5E5615-3A8A-44B9-ABF1-445F75182FAC}.Release|Any CPU.Build.0 = Release|Any CPU
	EndGlobalSection
	GlobalSection(SolutionProperties) = preSolution
		HideSolutionNode = FALSE
	EndGlobalSection
	GlobalSection(ExtensibilityGlobals) = postSolution
		SolutionGuid = {940665AE-70E2-4AD1-BC4E-5458ADCDAB5D}
	EndGlobalSection
EndGlobal
